
Microsoft Visual Studio Solution File, Format Version 12.00
# Visual Studio Version 16
VisualStudioVersion = 16.0.30128.74
MinimumVisualStudioVersion = 10.0.40219.1
Project("{FAE04EC0-301F-11D3-BF4B-00C04F79EFBC}") = "HCMnimalRepo", "HCMnimalRepo\HCMnimalRepo.csproj", "{880AA996-80BB-41CA-870E-109311698B36}"
EndProject
Global
	GlobalSection(SolutionConfigurationPlatforms) = preSolution
		Debug|Any CPU = Debug|Any CPU
		Release|Any CPU = Release|Any CPU
	EndGlobalSection
	GlobalSection(ProjectConfigurationPlatforms) = postSolution
		{880AA996-80BB-41CA-870E-109311698B36}.Debug|Any CPU.ActiveCfg = Debug|Any CPU
		{880AA996-80BB-41CA-870E-109311698B36}.Debug|Any CPU.Build.0 = Debug|Any CPU
		{880AA996-80BB-41CA-870E-109311698B36}.Release|Any CPU.ActiveCfg = Release|Any CPU
		{880AA996-80BB-41CA-870E-109311698B36}.Release|Any CPU.Build.0 = Release|Any CPU
	EndGlobalSection
	GlobalSection(SolutionProperties) = preSolution
		HideSolutionNode = FALSE
	EndGlobalSection
	GlobalSection(ExtensibilityGlobals) = postSolution
		SolutionGuid = {D69E40D5-9CD1-4B05-8AC6-A7A83E5C478A}
	EndGlobalSection
EndGlobal
